// !$*UTF8*$!
{
	archiveVersion = 1;
	classes = {
	};
	objectVersion = 50;
	objects = {

/* Begin PBXBuildFile section */
		670F381D2204048900D8694B /* AppDelegate.swift in Sources */ = {isa = PBXBuildFile; fileRef = 670F381C2204048900D8694B /* AppDelegate.swift */; };
		670F381F2204048900D8694B /* FirstViewController.swift in Sources */ = {isa = PBXBuildFile; fileRef = 670F381E2204048900D8694B /* FirstViewController.swift */; };
		670F38212204048900D8694B /* SecondViewController.swift in Sources */ = {isa = PBXBuildFile; fileRef = 670F38202204048900D8694B /* SecondViewController.swift */; };
		670F38242204048900D8694B /* Main.storyboard in Resources */ = {isa = PBXBuildFile; fileRef = 670F38222204048900D8694B /* Main.storyboard */; };
		670F38262204048900D8694B /* Assets.xcassets in Resources */ = {isa = PBXBuildFile; fileRef = 670F38252204048900D8694B /* Assets.xcassets */; };
		670F38292204048900D8694B /* LaunchScreen.storyboard in Resources */ = {isa = PBXBuildFile; fileRef = 670F38272204048900D8694B /* LaunchScreen.storyboard */; };
		670F38312204099700D8694B /* artistAlbums.plist in Resources */ = {isa = PBXBuildFile; fileRef = 670F38302204099700D8694B /* artistAlbums.plist */; };
		670F3833220410D000D8694B /* artistAlbums.swift in Sources */ = {isa = PBXBuildFile; fileRef = 670F3832220410D000D8694B /* artistAlbums.swift */; };
		670F38352204119300D8694B /* artistAlbumsController.swift in Sources */ = {isa = PBXBuildFile; fileRef = 670F38342204119300D8694B /* artistAlbumsController.swift */; };
		670F38372204E12200D8694B /* ThirdViewController.swift in Sources */ = {isa = PBXBuildFile; fileRef = 670F38362204E12200D8694B /* ThirdViewController.swift */; };
		670F383A2204E35E00D8694B /* AVFoundation.framework in Frameworks */ = {isa = PBXBuildFile; fileRef = 670F38392204E35E00D8694B /* AVFoundation.framework */; };
/* End PBXBuildFile section */

/* Begin PBXFileReference section */
		670F38192204048900D8694B /* MusicMasterPro.app */ = {isa = PBXFileReference; explicitFileType = wrapper.application; includeInIndex = 0; path = MusicMasterPro.app; sourceTree = BUILT_PRODUCTS_DIR; };
		670F381C2204048900D8694B /* AppDelegate.swift */ = {isa = PBXFileReference; lastKnownFileType = sourcecode.swift; path = AppDelegate.swift; sourceTree = "<group>"; };
		670F381E2204048900D8694B /* FirstViewController.swift */ = {isa = PBXFileReference; lastKnownFileType = sourcecode.swift; path = FirstViewController.swift; sourceTree = "<group>"; };
		670F38202204048900D8694B /* SecondViewController.swift */ = {isa = PBXFileReference; lastKnownFileType = sourcecode.swift; path = SecondViewController.swift; sourceTree = "<group>"; };
		670F38232204048900D8694B /* Base */ = {isa = PBXFileReference; lastKnownFileType = file.storyboard; name = Base; path = Base.lproj/Main.storyboard; sourceTree = "<group>"; };
		670F38252204048900D8694B /* Assets.xcassets */ = {isa = PBXFileReference; lastKnownFileType = folder.assetcatalog; path = Assets.xcassets; sourceTree = "<group>"; };
		670F38282204048900D8694B /* Base */ = {isa = PBXFileReference; lastKnownFileType = file.storyboard; name = Base; path = Base.lproj/LaunchScreen.storyboard; sourceTree = "<group>"; };
		670F382A2204048900D8694B /* Info.plist */ = {isa = PBXFileReference; lastKnownFileType = text.plist.xml; path = Info.plist; sourceTree = "<group>"; };
		670F38302204099700D8694B /* artistAlbums.plist */ = {isa = PBXFileReference; lastKnownFileType = text.plist.xml; path = artistAlbums.plist; sourceTree = "<group>"; };
		670F3832220410D000D8694B /* artistAlbums.swift */ = {isa = PBXFileReference; lastKnownFileType = sourcecode.swift; path = artistAlbums.swift; sourceTree = "<group>"; };
		670F38342204119300D8694B /* artistAlbumsController.swift */ = {isa = PBXFileReference; lastKnownFileType = sourcecode.swift; path = artistAlbumsController.swift; sourceTree = "<group>"; };
		670F38362204E12200D8694B /* ThirdViewController.swift */ = {isa = PBXFileReference; lastKnownFileType = sourcecode.swift; path = ThirdViewController.swift; sourceTree = "<group>"; };
		670F38392204E35E00D8694B /* AVFoundation.framework */ = {isa = PBXFileReference; lastKnownFileType = wrapper.framework; name = AVFoundation.framework; path = System/Library/Frameworks/AVFoundation.framework; sourceTree = SDKROOT; };
/* End PBXFileReference section */

/* Begin PBXFrameworksBuildPhase section */
		670F38162204048900D8694B /* Frameworks */ = {
			isa = PBXFrameworksBuildPhase;
			buildActionMask = 2147483647;
			files = (
				670F383A2204E35E00D8694B /* AVFoundation.framework in Frameworks */,
			);
			runOnlyForDeploymentPostprocessing = 0;
		};
/* End PBXFrameworksBuildPhase section */

/* Begin PBXGroup section */
		670F38102204048900D8694B = {
			isa = PBXGroup;
			children = (
				670F381B2204048900D8694B /* MusicMasterPro */,
				670F381A2204048900D8694B /* Products */,
				670F38382204E35E00D8694B /* Frameworks */,
			);
			sourceTree = "<group>";
		};
		670F381A2204048900D8694B /* Products */ = {
			isa = PBXGroup;
			children = (
				670F38192204048900D8694B /* MusicMasterPro.app */,
			);
			name = Products;
			sourceTree = "<group>";
		};
		670F381B2204048900D8694B /* MusicMasterPro */ = {
			isa = PBXGroup;
			children = (
				670F381C2204048900D8694B /* AppDelegate.swift */,
				670F381E2204048900D8694B /* FirstViewController.swift */,
				670F38202204048900D8694B /* SecondViewController.swift */,
				670F38362204E12200D8694B /* ThirdViewController.swift */,
				670F38222204048900D8694B /* Main.storyboard */,
				670F38302204099700D8694B /* artistAlbums.plist */,
				670F38342204119300D8694B /* artistAlbumsController.swift */,
				670F3832220410D000D8694B /* artistAlbums.swift */,
				670F38252204048900D8694B /* Assets.xcassets */,
				670F38272204048900D8694B /* LaunchScreen.storyboard */,
				670F382A2204048900D8694B /* Info.plist */,
			);
			path = MusicMasterPro;
			sourceTree = "<group>";
		};
		670F38382204E35E00D8694B /* Frameworks */ = {
			isa = PBXGroup;
			children = (
				670F38392204E35E00D8694B /* AVFoundation.framework */,
			);
			name = Frameworks;
			sourceTree = "<group>";
		};
/* End PBXGroup section */

/* Begin PBXNativeTarget section */
		670F38182204048900D8694B /* MusicMasterPro */ = {
			isa = PBXNativeTarget;
			buildConfigurationList = 670F382D2204048900D8694B /* Build configuration list for PBXNativeTarget "MusicMasterPro" */;
			buildPhases = (
				670F38152204048900D8694B /* Sources */,
				670F38162204048900D8694B /* Frameworks */,
				670F38172204048900D8694B /* Resources */,
			);
			buildRules = (
			);
			dependencies = (
			);
			name = MusicMasterPro;
			productName = MusicMasterPro;
			productReference = 670F38192204048900D8694B /* MusicMasterPro.app */;
			productType = "com.apple.product-type.application";
		};
/* End PBXNativeTarget section */

/* Begin PBXProject section */
		670F38112204048900D8694B /* Project object */ = {
			isa = PBXProject;
			attributes = {
				LastSwiftUpdateCheck = 1010;
				LastUpgradeCheck = 1010;
				ORGANIZATIONNAME = "Ari Klebanov";
				TargetAttributes = {
					670F38182204048900D8694B = {
						CreatedOnToolsVersion = 10.1;
					};
				};
			};
			buildConfigurationList = 670F38142204048900D8694B /* Build configuration list for PBXProject "MusicMasterPro" */;
			compatibilityVersion = "Xcode 9.3";
			developmentRegion = en;
			hasScannedForEncodings = 0;
			knownRegions = (
				en,
				Base,
			);
			mainGroup = 670F38102204048900D8694B;
			productRefGroup = 670F381A2204048900D8694B /* Products */;
			projectDirPath = "";
			projectRoot = "";
			targets = (
				670F38182204048900D8694B /* MusicMasterPro */,
			);
		};
/* End PBXProject section */

/* Begin PBXResourcesBuildPhase section */
		670F38172204048900D8694B /* Resources */ = {
			isa = PBXResourcesBuildPhase;
			buildActionMask = 2147483647;
			files = (
				670F38292204048900D8694B /* LaunchScreen.storyboard in Resources */,
				670F38262204048900D8694B /* Assets.xcassets in Resources */,
				670F38242204048900D8694B /* Main.storyboard in Resources */,
				670F38312204099700D8694B /* artistAlbums.plist in Resources */,
			);
			runOnlyForDeploymentPostprocessing = 0;
		};
/* End PBXResourcesBuildPhase section */

/* Begin PBXSourcesBuildPhase section */
		670F38152204048900D8694B /* Sources */ = {
			isa = PBXSourcesBuildPhase;
			buildActionMask = 2147483647;
			files = (
				670F38352204119300D8694B /* artistAlbumsController.swift in Sources */,
				670F3833220410D000D8694B /* artistAlbums.swift in Sources */,
				670F38212204048900D8694B /* SecondViewController.swift in Sources */,
				670F381D2204048900D8694B /* AppDelegate.swift in Sources */,
				670F38372204E12200D8694B /* ThirdViewController.swift in Sources */,
				670F381F2204048900D8694B /* FirstViewController.swift in Sources */,
			);
			runOnlyForDeploymentPostprocessing = 0;
		};
/* End PBXSourcesBuildPhase section */

/* Begin PBXVariantGroup section */
		670F38222204048900D8694B /* Main.storyboard */ = {
			isa = PBXVariantGroup;
			children = (
				670F38232204048900D8694B /* Base */,
			);
			name = Main.storyboard;
			sourceTree = "<group>";
		};
		670F38272204048900D8694B /* LaunchScreen.storyboard */ = {
			isa = PBXVariantGroup;
			children = (
				670F38282204048900D8694B /* Base */,
			);
			name = LaunchScreen.storyboard;
			sourceTree = "<group>";
		};
/* End PBXVariantGroup section */

/* Begin XCBuildConfiguration section */
		670F382B2204048900D8694B /* Debug */ = {
			isa = XCBuildConfiguration;
			buildSettings = {
				ALWAYS_SEARCH_USER_PATHS = NO;
				CLANG_ANALYZER_NONNULL = YES;
				CLANG_ANALYZER_NUMBER_OBJECT_CONVERSION = YES_AGGRESSIVE;
				CLANG_CXX_LANGUAGE_STANDARD = "gnu++14";
				CLANG_CXX_LIBRARY = "libc++";
				CLANG_ENABLE_MODULES = YES;
				CLANG_ENABLE_OBJC_ARC = YES;
				CLANG_ENABLE_OBJC_WEAK = YES;
				CLANG_WARN_BLOCK_CAPTURE_AUTORELEASING = YES;
				CLANG_WARN_BOOL_CONVERSION = YES;
				CLANG_WARN_COMMA = YES;
				CLANG_WARN_CONSTANT_CONVERSION = YES;
				CLANG_WARN_DEPRECATED_OBJC_IMPLEMENTATIONS = YES;
				CLANG_WARN_DIRECT_OBJC_ISA_USAGE = YES_ERROR;
				CLANG_WARN_DOCUMENTATION_COMMENTS = YES;
				CLANG_WARN_EMPTY_BODY = YES;
				CLANG_WARN_ENUM_CONVERSION = YES;
				CLANG_WARN_INFINITE_RECURSION = YES;
				CLANG_WARN_INT_CONVERSION = YES;
				CLANG_WARN_NON_LITERAL_NULL_CONVERSION = YES;
				CLANG_WARN_OBJC_IMPLICIT_RETAIN_SELF = YES;
				CLANG_WARN_OBJC_LITERAL_CONVERSION = YES;
				CLANG_WARN_OBJC_ROOT_CLASS = YES_ERROR;
				CLANG_WARN_RANGE_LOOP_ANALYSIS = YES;
				CLANG_WARN_STRICT_PROTOTYPES = YES;
				CLANG_WARN_SUSPICIOUS_MOVE = YES;
				CLANG_WARN_UNGUARDED_AVAILABILITY = YES_AGGRESSIVE;
				CLANG_WARN_UNREACHABLE_CODE = YES;
				CLANG_WARN__DUPLICATE_METHOD_MATCH = YES;
				CODE_SIGN_IDENTITY = "iPhone Developer";
				COPY_PHASE_STRIP = NO;
				DEBUG_INFORMATION_FORMAT = dwarf;
				ENABLE_STRICT_OBJC_MSGSEND = YES;
				ENABLE_TESTABILITY = YES;
				GCC_C_LANGUAGE_STANDARD = gnu11;
				GCC_DYNAMIC_NO_PIC = NO;
				GCC_NO_COMMON_BLOCKS = YES;
				GCC_OPTIMIZATION_LEVEL = 0;
				GCC_PREPROCESSOR_DEFINITIONS = (
					"DEBUG=1",
					"$(inherited)",
				);
				GCC_WARN_64_TO_32_BIT_CONVERSION = YES;
				GCC_WARN_ABOUT_RETURN_TYPE = YES_ERROR;
				GCC_WARN_UNDECLARED_SELECTOR = YES;
				GCC_WARN_UNINITIALIZED_AUTOS = YES_AGGRESSIVE;
				GCC_WARN_UNUSED_FUNCTION = YES;
				GCC_WARN_UNUSED_VARIABLE = YES;
				IPHONEOS_DEPLOYMENT_TARGET = 12.1;
				MTL_ENABLE_DEBUG_INFO = INCLUDE_SOURCE;
				MTL_FAST_MATH = YES;
				ONLY_ACTIVE_ARCH = YES;
				SDKROOT = iphoneos;
				SWIFT_ACTIVE_COMPILATION_CONDITIONS = DEBUG;
				SWIFT_OPTIMIZATION_LEVEL = "-Onone";
			};
			name = Debug;
		};
		670F382C2204048900D8694B /* Release */ = {
			isa = XCBuildConfiguration;
			buildSettings = {
				ALWAYS_SEARCH_USER_PATHS = NO;
				CLANG_ANALYZER_NONNULL = YES;
				CLANG_ANALYZER_NUMBER_OBJECT_CONVERSION = YES_AGGRESSIVE;
				CLANG_CXX_LANGUAGE_STANDARD = "gnu++14";
				CLANG_CXX_LIBRARY = "libc++";
				CLANG_ENABLE_MODULES = YES;
				CLANG_ENABLE_OBJC_ARC = YES;
				CLANG_ENABLE_OBJC_WEAK = YES;
				CLANG_WARN_BLOCK_CAPTURE_AUTORELEASING = YES;
				CLANG_WARN_BOOL_CONVERSION = YES;
				CLANG_WARN_COMMA = YES;
				CLANG_WARN_CONSTANT_CONVERSION = YES;
				CLANG_WARN_DEPRECATED_OBJC_IMPLEMENTATIONS = YES;
				CLANG_WARN_DIRECT_OBJC_ISA_USAGE = YES_ERROR;
				CLANG_WARN_DOCUMENTATION_COMMENTS = YES;
				CLANG_WARN_EMPTY_BODY = YES;
				CLANG_WARN_ENUM_CONVERSION = YES;
				CLANG_WARN_INFINITE_RECURSION = YES;
				CLANG_WARN_INT_CONVERSION = YES;
				CLANG_WARN_NON_LITERAL_NULL_CONVERSION = YES;
				CLANG_WARN_OBJC_IMPLICIT_RETAIN_SELF = YES;
				CLANG_WARN_OBJC_LITERAL_CONVERSION = YES;
				CLANG_WARN_OBJC_ROOT_CLASS = YES_ERROR;
				CLANG_WARN_RANGE_LOOP_ANALYSIS = YES;
				CLANG_WARN_STRICT_PROTOTYPES = YES;
				CLANG_WARN_SUSPICIOUS_MOVE = YES;
				CLANG_WARN_UNGUARDED_AVAILABILITY = YES_AGGRESSIVE;
				CLANG_WARN_UNREACHABLE_CODE = YES;
				CLANG_WARN__DUPLICATE_METHOD_MATCH = YES;
				CODE_SIGN_IDENTITY = "iPhone Developer";
				COPY_PHASE_STRIP = NO;
				DEBUG_INFORMATION_FORMAT = "dwarf-with-dsym";
				ENABLE_NS_ASSERTIONS = NO;
				ENABLE_STRICT_OBJC_MSGSEND = YES;
				GCC_C_LANGUAGE_STANDARD = gnu11;
				GCC_NO_COMMON_BLOCKS = YES;
				GCC_WARN_64_TO_32_BIT_CONVERSION = YES;
				GCC_WARN_ABOUT_RETURN_TYPE = YES_ERROR;
				GCC_WARN_UNDECLARED_SELECTOR = YES;
				GCC_WARN_UNINITIALIZED_AUTOS = YES_AGGRESSIVE;
				GCC_WARN_UNUSED_FUNCTION = YES;
				GCC_WARN_UNUSED_VARIABLE = YES;
				IPHONEOS_DEPLOYMENT_TARGET = 12.1;
				MTL_ENABLE_DEBUG_INFO = NO;
				MTL_FAST_MATH = YES;
				SDKROOT = iphoneos;
				SWIFT_COMPILATION_MODE = wholemodule;
				SWIFT_OPTIMIZATION_LEVEL = "-O";
				VALIDATE_PRODUCT = YES;
			};
			name = Release;
		};
		670F382E2204048900D8694B /* Debug */ = {
			isa = XCBuildConfiguration;
			buildSettings = {
				ASSETCATALOG_COMPILER_APPICON_NAME = AppIcon;
				CODE_SIGN_STYLE = Automatic;
				DEVELOPMENT_TEAM = 6BA6D5CY5N;
				INFOPLIST_FILE = MusicMasterPro/Info.plist;
				LD_RUNPATH_SEARCH_PATHS = (
					"$(inherited)",
					"@executable_path/Frameworks",
				);
				PRODUCT_BUNDLE_IDENTIFIER = "ATLAS-4120.MusicMasterPro";
				PRODUCT_NAME = "$(TARGET_NAME)";
				SWIFT_VERSION = 4.2;
				TARGETED_DEVICE_FAMILY = "1,2";
			};
			name = Debug;
		};
		670F382F2204048900D8694B /* Release */ = {
			isa = XCBuildConfiguration;
			buildSettings = {
				ASSETCATALOG_COMPILER_APPICON_NAME = AppIcon;
				CODE_SIGN_STYLE = Automatic;
				DEVELOPMENT_TEAM = 6BA6D5CY5N;
				INFOPLIST_FILE = MusicMasterPro/Info.plist;
				LD_RUNPATH_SEARCH_PATHS = (
					"$(inherited)",
					"@executable_path/Frameworks",
				);
				PRODUCT_BUNDLE_IDENTIFIER = "ATLAS-4120.MusicMasterPro";
				PRODUCT_NAME = "$(TARGET_NAME)";
				SWIFT_VERSION = 4.2;
				TARGETED_DEVICE_FAMILY = "1,2";
			};
			name = Release;
		};
/* End XCBuildConfiguration section */

/* Begin XCConfigurationList section */
		670F38142204048900D8694B /* Build configuration list for PBXProject "MusicMasterPro" */ = {
			isa = XCConfigurationList;
			buildConfigurations = (
				670F382B2204048900D8694B /* Debug */,
				670F382C2204048900D8694B /* Release */,
			);
			defaultConfigurationIsVisible = 0;
			defaultConfigurationName = Release;
		};
		670F382D2204048900D8694B /* Build configuration list for PBXNativeTarget "MusicMasterPro" */ = {
			isa = XCConfigurationList;
			buildConfigurations = (
				670F382E2204048900D8694B /* Debug */,
				670F382F2204048900D8694B /* Release */,
			);
			defaultConfigurationIsVisible = 0;
			defaultConfigurationName = Release;
		};
/* End XCConfigurationList section */
	};
	rootObject = 670F38112204048900D8694B /* Project object */;
}
